
Microsoft Visual Studio Solution File, Format Version 12.00
# Visual Studio Version 17
VisualStudioVersion = 17.0.31611.283
MinimumVisualStudioVersion = 10.0.40219.1
Project("{9A19103F-16F7-4668-BE54-9A1E7A4F7556}") = "MAUI_FirstApp", "MAUI_FirstApp\MAUI_FirstApp.csproj", "{3ACE0916-54D5-422C-A72C-37CB1B4D4C73}"
EndProject
Project("{2150E333-8FDC-42A3-9474-1A3956D46DE8}") = "Solution Items", "Solution Items", "{DD62C358-5EF0-4937-9E9C-E6FC0C64F335}"
	ProjectSection(SolutionItems) = preProject
		Assignments.md = Assignments.md
		readme.md = readme.md
	EndProjectSection
EndProject
Project("{9A19103F-16F7-4668-BE54-9A1E7A4F7556}") = "MAUI_MVVM", "MAUI_MVVM\MAUI_MVVM.csproj", "{FC7A9CBE-441E-43ED-A9F1-B82F20496A5D}"
EndProject
Project("{9A19103F-16F7-4668-BE54-9A1E7A4F7556}") = "MAUI_Navigations", "MAUI_Navigations\MAUI_Navigations.csproj", "{122A9E10-29B3-49B2-BA10-477B2C2207D3}"
EndProject
Project("{9A19103F-16F7-4668-BE54-9A1E7A4F7556}") = "ExpensesService", "ExpensesService\ExpensesService.csproj", "{06493C2E-88CE-4E27-BDBE-D3E13824BB7C}"
EndProject
Project("{9A19103F-16F7-4668-BE54-9A1E7A4F7556}") = "MAUI_RESTClient", "MAUI_RESTClient\MAUI_RESTClient.csproj", "{BE7A6D3C-4792-41B2-94F0-23875DEABA20}"
EndProject
Project("{9A19103F-16F7-4668-BE54-9A1E7A4F7556}") = "MAUI_Storage", "MAUI_Storage\MAUI_Storage.csproj", "{1F40611B-EFD7-4D00-B518-B64367CE197A}"
EndProject
Project("{9A19103F-16F7-4668-BE54-9A1E7A4F7556}") = "MAUI_Preferences", "MAUI_Preferences\MAUI_Preferences.csproj", "{BBE41A74-9820-4F64-A730-8F8173E6B48E}"
EndProject
Project("{9A19103F-16F7-4668-BE54-9A1E7A4F7556}") = "MAUI_HandlersApp", "MAUI_HandlersApp\MAUI_HandlersApp.csproj", "{B529251A-2BF9-48FB-BE74-5D4FD32E1AE9}"
EndProject
Project("{9A19103F-16F7-4668-BE54-9A1E7A4F7556}") = "MAUI_AppActions", "MAUI_AppActions\MAUI_AppActions.csproj", "{BA9BC911-7D5E-41D6-9FF1-A73985D4A73B}"
EndProject
Project("{FAE04EC0-301F-11D3-BF4B-00C04F79EFBC}") = "MAUI_ShellApp", "MAUI_ShellApp\MAUI_ShellApp.csproj", "{27206857-49EA-4548-AB9D-5840E0828237}"
EndProject
Project("{FAE04EC0-301F-11D3-BF4B-00C04F79EFBC}") = "MAUI_OpenBrowser", "MAUI_OpenBrowser\MAUI_OpenBrowser.csproj", "{74815690-E07B-4DF0-B077-F090F07A5B59}"
EndProject
Project("{FAE04EC0-301F-11D3-BF4B-00C04F79EFBC}") = "MAUI_Contacts", "MAUI_Contacts\MAUI_Contacts.csproj", "{D093BCE6-A6B0-46A6-AA11-6714014F6477}"
EndProject
Project("{FAE04EC0-301F-11D3-BF4B-00C04F79EFBC}") = "MAUI_UnitTest", "MAUI_UnitTest\MAUI_UnitTest.csproj", "{34F60628-8E58-4CC1-8CC0-68BC2C732896}"
EndProject
Global
	GlobalSection(SolutionConfigurationPlatforms) = preSolution
		Debug|Any CPU = Debug|Any CPU
		Release|Any CPU = Release|Any CPU
	EndGlobalSection
	GlobalSection(ProjectConfigurationPlatforms) = postSolution
		{3ACE0916-54D5-422C-A72C-37CB1B4D4C73}.Debug|Any CPU.ActiveCfg = Debug|Any CPU
		{3ACE0916-54D5-422C-A72C-37CB1B4D4C73}.Debug|Any CPU.Build.0 = Debug|Any CPU
		{3ACE0916-54D5-422C-A72C-37CB1B4D4C73}.Debug|Any CPU.Deploy.0 = Debug|Any CPU
		{3ACE0916-54D5-422C-A72C-37CB1B4D4C73}.Release|Any CPU.ActiveCfg = Release|Any CPU
		{3ACE0916-54D5-422C-A72C-37CB1B4D4C73}.Release|Any CPU.Build.0 = Release|Any CPU
		{3ACE0916-54D5-422C-A72C-37CB1B4D4C73}.Release|Any CPU.Deploy.0 = Release|Any CPU
		{FC7A9CBE-441E-43ED-A9F1-B82F20496A5D}.Debug|Any CPU.ActiveCfg = Debug|Any CPU
		{FC7A9CBE-441E-43ED-A9F1-B82F20496A5D}.Debug|Any CPU.Build.0 = Debug|Any CPU
		{FC7A9CBE-441E-43ED-A9F1-B82F20496A5D}.Debug|Any CPU.Deploy.0 = Debug|Any CPU
		{FC7A9CBE-441E-43ED-A9F1-B82F20496A5D}.Release|Any CPU.ActiveCfg = Release|Any CPU
		{FC7A9CBE-441E-43ED-A9F1-B82F20496A5D}.Release|Any CPU.Build.0 = Release|Any CPU
		{FC7A9CBE-441E-43ED-A9F1-B82F20496A5D}.Release|Any CPU.Deploy.0 = Release|Any CPU
		{122A9E10-29B3-49B2-BA10-477B2C2207D3}.Debug|Any CPU.ActiveCfg = Debug|Any CPU
		{122A9E10-29B3-49B2-BA10-477B2C2207D3}.Debug|Any CPU.Build.0 = Debug|Any CPU
		{122A9E10-29B3-49B2-BA10-477B2C2207D3}.Debug|Any CPU.Deploy.0 = Debug|Any CPU
		{122A9E10-29B3-49B2-BA10-477B2C2207D3}.Release|Any CPU.ActiveCfg = Release|Any CPU
		{122A9E10-29B3-49B2-BA10-477B2C2207D3}.Release|Any CPU.Build.0 = Release|Any CPU
		{122A9E10-29B3-49B2-BA10-477B2C2207D3}.Release|Any CPU.Deploy.0 = Release|Any CPU
		{06493C2E-88CE-4E27-BDBE-D3E13824BB7C}.Debug|Any CPU.ActiveCfg = Debug|Any CPU
		{06493C2E-88CE-4E27-BDBE-D3E13824BB7C}.Debug|Any CPU.Build.0 = Debug|Any CPU
		{06493C2E-88CE-4E27-BDBE-D3E13824BB7C}.Release|Any CPU.ActiveCfg = Release|Any CPU
		{06493C2E-88CE-4E27-BDBE-D3E13824BB7C}.Release|Any CPU.Build.0 = Release|Any CPU
		{BE7A6D3C-4792-41B2-94F0-23875DEABA20}.Debug|Any CPU.ActiveCfg = Debug|Any CPU
		{BE7A6D3C-4792-41B2-94F0-23875DEABA20}.Debug|Any CPU.Build.0 = Debug|Any CPU
		{BE7A6D3C-4792-41B2-94F0-23875DEABA20}.Debug|Any CPU.Deploy.0 = Debug|Any CPU
		{BE7A6D3C-4792-41B2-94F0-23875DEABA20}.Release|Any CPU.ActiveCfg = Release|Any CPU
		{BE7A6D3C-4792-41B2-94F0-23875DEABA20}.Release|Any CPU.Build.0 = Release|Any CPU
		{BE7A6D3C-4792-41B2-94F0-23875DEABA20}.Release|Any CPU.Deploy.0 = Release|Any CPU
		{1F40611B-EFD7-4D00-B518-B64367CE197A}.Debug|Any CPU.ActiveCfg = Debug|Any CPU
		{1F40611B-EFD7-4D00-B518-B64367CE197A}.Debug|Any CPU.Build.0 = Debug|Any CPU
		{1F40611B-EFD7-4D00-B518-B64367CE197A}.Debug|Any CPU.Deploy.0 = Debug|Any CPU
		{1F40611B-EFD7-4D00-B518-B64367CE197A}.Release|Any CPU.ActiveCfg = Release|Any CPU
		{1F40611B-EFD7-4D00-B518-B64367CE197A}.Release|Any CPU.Build.0 = Release|Any CPU
		{1F40611B-EFD7-4D00-B518-B64367CE197A}.Release|Any CPU.Deploy.0 = Release|Any CPU
		{BBE41A74-9820-4F64-A730-8F8173E6B48E}.Debug|Any CPU.ActiveCfg = Debug|Any CPU
		{BBE41A74-9820-4F64-A730-8F8173E6B48E}.Debug|Any CPU.Build.0 = Debug|Any CPU
		{BBE41A74-9820-4F64-A730-8F8173E6B48E}.Debug|Any CPU.Deploy.0 = Debug|Any CPU
		{BBE41A74-9820-4F64-A730-8F8173E6B48E}.Release|Any CPU.ActiveCfg = Release|Any CPU
		{BBE41A74-9820-4F64-A730-8F8173E6B48E}.Release|Any CPU.Build.0 = Release|Any CPU
		{BBE41A74-9820-4F64-A730-8F8173E6B48E}.Release|Any CPU.Deploy.0 = Release|Any CPU
		{B529251A-2BF9-48FB-BE74-5D4FD32E1AE9}.Debug|Any CPU.ActiveCfg = Debug|Any CPU
		{B529251A-2BF9-48FB-BE74-5D4FD32E1AE9}.Debug|Any CPU.Build.0 = Debug|Any CPU
		{B529251A-2BF9-48FB-BE74-5D4FD32E1AE9}.Debug|Any CPU.Deploy.0 = Debug|Any CPU
		{B529251A-2BF9-48FB-BE74-5D4FD32E1AE9}.Release|Any CPU.ActiveCfg = Release|Any CPU
		{B529251A-2BF9-48FB-BE74-5D4FD32E1AE9}.Release|Any CPU.Build.0 = Release|Any CPU
		{B529251A-2BF9-48FB-BE74-5D4FD32E1AE9}.Release|Any CPU.Deploy.0 = Release|Any CPU
		{BA9BC911-7D5E-41D6-9FF1-A73985D4A73B}.Debug|Any CPU.ActiveCfg = Debug|Any CPU
		{BA9BC911-7D5E-41D6-9FF1-A73985D4A73B}.Debug|Any CPU.Build.0 = Debug|Any CPU
		{BA9BC911-7D5E-41D6-9FF1-A73985D4A73B}.Debug|Any CPU.Deploy.0 = Debug|Any CPU
		{BA9BC911-7D5E-41D6-9FF1-A73985D4A73B}.Release|Any CPU.ActiveCfg = Release|Any CPU
		{BA9BC911-7D5E-41D6-9FF1-A73985D4A73B}.Release|Any CPU.Build.0 = Release|Any CPU
		{BA9BC911-7D5E-41D6-9FF1-A73985D4A73B}.Release|Any CPU.Deploy.0 = Release|Any CPU
		{27206857-49EA-4548-AB9D-5840E0828237}.Debug|Any CPU.ActiveCfg = Debug|Any CPU
		{27206857-49EA-4548-AB9D-5840E0828237}.Debug|Any CPU.Build.0 = Debug|Any CPU
		{27206857-49EA-4548-AB9D-5840E0828237}.Debug|Any CPU.Deploy.0 = Debug|Any CPU
		{27206857-49EA-4548-AB9D-5840E0828237}.Release|Any CPU.ActiveCfg = Release|Any CPU
		{27206857-49EA-4548-AB9D-5840E0828237}.Release|Any CPU.Build.0 = Release|Any CPU
		{27206857-49EA-4548-AB9D-5840E0828237}.Release|Any CPU.Deploy.0 = Release|Any CPU
		{74815690-E07B-4DF0-B077-F090F07A5B59}.Debug|Any CPU.ActiveCfg = Debug|Any CPU
		{74815690-E07B-4DF0-B077-F090F07A5B59}.Debug|Any CPU.Build.0 = Debug|Any CPU
		{74815690-E07B-4DF0-B077-F090F07A5B59}.Debug|Any CPU.Deploy.0 = Debug|Any CPU
		{74815690-E07B-4DF0-B077-F090F07A5B59}.Release|Any CPU.ActiveCfg = Release|Any CPU
		{74815690-E07B-4DF0-B077-F090F07A5B59}.Release|Any CPU.Build.0 = Release|Any CPU
		{74815690-E07B-4DF0-B077-F090F07A5B59}.Release|Any CPU.Deploy.0 = Release|Any CPU
		{D093BCE6-A6B0-46A6-AA11-6714014F6477}.Debug|Any CPU.ActiveCfg = Debug|Any CPU
		{D093BCE6-A6B0-46A6-AA11-6714014F6477}.Debug|Any CPU.Build.0 = Debug|Any CPU
		{D093BCE6-A6B0-46A6-AA11-6714014F6477}.Debug|Any CPU.Deploy.0 = Debug|Any CPU
		{D093BCE6-A6B0-46A6-AA11-6714014F6477}.Release|Any CPU.ActiveCfg = Release|Any CPU
		{D093BCE6-A6B0-46A6-AA11-6714014F6477}.Release|Any CPU.Build.0 = Release|Any CPU
		{D093BCE6-A6B0-46A6-AA11-6714014F6477}.Release|Any CPU.Deploy.0 = Release|Any CPU
		{34F60628-8E58-4CC1-8CC0-68BC2C732896}.Debug|Any CPU.ActiveCfg = Debug|Any CPU
		{34F60628-8E58-4CC1-8CC0-68BC2C732896}.Debug|Any CPU.Build.0 = Debug|Any CPU
		{34F60628-8E58-4CC1-8CC0-68BC2C732896}.Release|Any CPU.ActiveCfg = Release|Any CPU
		{34F60628-8E58-4CC1-8CC0-68BC2C732896}.Release|Any CPU.Build.0 = Release|Any CPU
	EndGlobalSection
	GlobalSection(SolutionProperties) = preSolution
		HideSolutionNode = FALSE
	EndGlobalSection
	GlobalSection(ExtensibilityGlobals) = postSolution
		SolutionGuid = {61F7FB11-1E47-470C-91E2-47F8143E1572}
	EndGlobalSection
EndGlobal
